
Microsoft Visual Studio Solution File, Format Version 12.00
# Visual Studio Version 17
VisualStudioVersion = 17.0.32014.148
MinimumVisualStudioVersion = 10.0.40219.1
Project("{2150E333-8FDC-42A3-9474-1A3956D46DE8}") = "MediatR_RabbitMq", "MediatR_RabbitMq", "{9A63A56A-CB31-43F1-A7CC-44BBE447F089}"
EndProject
Project("{9A19103F-16F7-4668-BE54-9A1E7A4F7556}") = "Identidade", "MediatR_RabbitMq\Identidade\Identidade.csproj", "{9C670DF9-F668-4B7A-980C-C666ED6FB5E0}"
EndProject
Project("{9A19103F-16F7-4668-BE54-9A1E7A4F7556}") = "Cliente", "MediatR_RabbitMq\Cliente\Cliente.csproj", "{4C31AD8A-6FB7-4593-A005-E8C93138FD90}"
EndProject
Project("{2150E333-8FDC-42A3-9474-1A3956D46DE8}") = "Core", "Core", "{A0232490-8955-4EC3-96EA-5E451A7A2629}"
EndProject
Project("{2150E333-8FDC-42A3-9474-1A3956D46DE8}") = "MessageBus", "MessageBus", "{8DAF7BAE-A971-4B40-8FCD-8983745D2EF6}"
EndProject
Project("{9A19103F-16F7-4668-BE54-9A1E7A4F7556}") = "Core", "MediatR_RabbitMq\Core\Core.csproj", "{9E7ACE49-1AAB-449F-A789-19E10DFDD3ED}"
EndProject
Project("{9A19103F-16F7-4668-BE54-9A1E7A4F7556}") = "MessageBus", "MediatR_RabbitMq\MessageBus\MessageBus.csproj", "{E56848C5-C332-4CF9-B1C6-2519771589F3}"
EndProject
Project("{9A19103F-16F7-4668-BE54-9A1E7A4F7556}") = "EventBus", "MediatR_RabbitMq\EventBus\EventBus.csproj", "{132C20CA-EE48-4576-80AB-F4506AF3F570}"
EndProject
Project("{9A19103F-16F7-4668-BE54-9A1E7A4F7556}") = "EventBusRabbitMQ", "MediatR_RabbitMq\EventBusRabbitMQ\EventBusRabbitMQ.csproj", "{6DF616F0-F05E-4874-B7E2-2AADE97633A5}"
EndProject
Project("{9A19103F-16F7-4668-BE54-9A1E7A4F7556}") = "EventBusServiceBus", "MediatR_RabbitMq\EventBusServiceBus\EventBusServiceBus.csproj", "{D8BE6B04-D3D0-4C77-8B32-7DA65568BFAE}"
EndProject
Global
	GlobalSection(SolutionConfigurationPlatforms) = preSolution
		Debug|Any CPU = Debug|Any CPU
		Release|Any CPU = Release|Any CPU
	EndGlobalSection
	GlobalSection(ProjectConfigurationPlatforms) = postSolution
		{9C670DF9-F668-4B7A-980C-C666ED6FB5E0}.Debug|Any CPU.ActiveCfg = Debug|Any CPU
		{9C670DF9-F668-4B7A-980C-C666ED6FB5E0}.Debug|Any CPU.Build.0 = Debug|Any CPU
		{9C670DF9-F668-4B7A-980C-C666ED6FB5E0}.Release|Any CPU.ActiveCfg = Release|Any CPU
		{9C670DF9-F668-4B7A-980C-C666ED6FB5E0}.Release|Any CPU.Build.0 = Release|Any CPU
		{4C31AD8A-6FB7-4593-A005-E8C93138FD90}.Debug|Any CPU.ActiveCfg = Debug|Any CPU
		{4C31AD8A-6FB7-4593-A005-E8C93138FD90}.Debug|Any CPU.Build.0 = Debug|Any CPU
		{4C31AD8A-6FB7-4593-A005-E8C93138FD90}.Release|Any CPU.ActiveCfg = Release|Any CPU
		{4C31AD8A-6FB7-4593-A005-E8C93138FD90}.Release|Any CPU.Build.0 = Release|Any CPU
		{9E7ACE49-1AAB-449F-A789-19E10DFDD3ED}.Debug|Any CPU.ActiveCfg = Debug|Any CPU
		{9E7ACE49-1AAB-449F-A789-19E10DFDD3ED}.Debug|Any CPU.Build.0 = Debug|Any CPU
		{9E7ACE49-1AAB-449F-A789-19E10DFDD3ED}.Release|Any CPU.ActiveCfg = Release|Any CPU
		{9E7ACE49-1AAB-449F-A789-19E10DFDD3ED}.Release|Any CPU.Build.0 = Release|Any CPU
		{E56848C5-C332-4CF9-B1C6-2519771589F3}.Debug|Any CPU.ActiveCfg = Debug|Any CPU
		{E56848C5-C332-4CF9-B1C6-2519771589F3}.Debug|Any CPU.Build.0 = Debug|Any CPU
		{E56848C5-C332-4CF9-B1C6-2519771589F3}.Release|Any CPU.ActiveCfg = Release|Any CPU
		{E56848C5-C332-4CF9-B1C6-2519771589F3}.Release|Any CPU.Build.0 = Release|Any CPU
		{132C20CA-EE48-4576-80AB-F4506AF3F570}.Debug|Any CPU.ActiveCfg = Debug|Any CPU
		{132C20CA-EE48-4576-80AB-F4506AF3F570}.Debug|Any CPU.Build.0 = Debug|Any CPU
		{132C20CA-EE48-4576-80AB-F4506AF3F570}.Release|Any CPU.ActiveCfg = Release|Any CPU
		{132C20CA-EE48-4576-80AB-F4506AF3F570}.Release|Any CPU.Build.0 = Release|Any CPU
		{6DF616F0-F05E-4874-B7E2-2AADE97633A5}.Debug|Any CPU.ActiveCfg = Debug|Any CPU
		{6DF616F0-F05E-4874-B7E2-2AADE97633A5}.Debug|Any CPU.Build.0 = Debug|Any CPU
		{6DF616F0-F05E-4874-B7E2-2AADE97633A5}.Release|Any CPU.ActiveCfg = Release|Any CPU
		{6DF616F0-F05E-4874-B7E2-2AADE97633A5}.Release|Any CPU.Build.0 = Release|Any CPU
		{D8BE6B04-D3D0-4C77-8B32-7DA65568BFAE}.Debug|Any CPU.ActiveCfg = Debug|Any CPU
		{D8BE6B04-D3D0-4C77-8B32-7DA65568BFAE}.Debug|Any CPU.Build.0 = Debug|Any CPU
		{D8BE6B04-D3D0-4C77-8B32-7DA65568BFAE}.Release|Any CPU.ActiveCfg = Release|Any CPU
		{D8BE6B04-D3D0-4C77-8B32-7DA65568BFAE}.Release|Any CPU.Build.0 = Release|Any CPU
	EndGlobalSection
	GlobalSection(SolutionProperties) = preSolution
		HideSolutionNode = FALSE
	EndGlobalSection
	GlobalSection(NestedProjects) = preSolution
		{9C670DF9-F668-4B7A-980C-C666ED6FB5E0} = {9A63A56A-CB31-43F1-A7CC-44BBE447F089}
		{4C31AD8A-6FB7-4593-A005-E8C93138FD90} = {9A63A56A-CB31-43F1-A7CC-44BBE447F089}
		{A0232490-8955-4EC3-96EA-5E451A7A2629} = {9A63A56A-CB31-43F1-A7CC-44BBE447F089}
		{8DAF7BAE-A971-4B40-8FCD-8983745D2EF6} = {9A63A56A-CB31-43F1-A7CC-44BBE447F089}
		{9E7ACE49-1AAB-449F-A789-19E10DFDD3ED} = {A0232490-8955-4EC3-96EA-5E451A7A2629}
		{E56848C5-C332-4CF9-B1C6-2519771589F3} = {8DAF7BAE-A971-4B40-8FCD-8983745D2EF6}
		{132C20CA-EE48-4576-80AB-F4506AF3F570} = {8DAF7BAE-A971-4B40-8FCD-8983745D2EF6}
		{6DF616F0-F05E-4874-B7E2-2AADE97633A5} = {8DAF7BAE-A971-4B40-8FCD-8983745D2EF6}
		{D8BE6B04-D3D0-4C77-8B32-7DA65568BFAE} = {8DAF7BAE-A971-4B40-8FCD-8983745D2EF6}
	EndGlobalSection
	GlobalSection(ExtensibilityGlobals) = postSolution
		SolutionGuid = {9F9C6C63-C6F1-4F96-8F69-9B38A66DEBCE}
	EndGlobalSection
EndGlobal
